
Microsoft Visual Studio Solution File, Format Version 12.00
# Visual Studio Version 17
VisualStudioVersion = 17.13.35825.156
MinimumVisualStudioVersion = 10.0.40219.1
Project("{FAE04EC0-301F-11D3-BF4B-00C04F79EFBC}") = "C-Sharp-Intermediate", "C-Sharp-Intermediate\C-Sharp-Intermediate.csproj", "{4DC3B0C6-A068-47DA-8727-45DC814A2AF7}"
EndProject
Project("{FAE04EC0-301F-11D3-BF4B-00C04F79EFBC}") = "Amazon", "Amazon\Amazon.csproj", "{C08F3CD5-65CA-482D-9DED-C0E8F7AB3723}"
EndProject
Project("{FAE04EC0-301F-11D3-BF4B-00C04F79EFBC}") = "C-Sharp-Intermediate.Tests", "C-Sharp-Intermediate.Tests\C-Sharp-Intermediate.Tests.csproj", "{253A5589-BAC0-48E0-8166-839CBF931B79}"
EndProject
Project("{FAE04EC0-301F-11D3-BF4B-00C04F79EFBC}") = "C-Sharp-Advanced", "C-Sharp-Advanced\C-Sharp-Advanced.csproj", "{83D09D82-EA71-4912-8E8D-DF1FABFE573E}"
EndProject
Global
	GlobalSection(SolutionConfigurationPlatforms) = preSolution
		Debug|Any CPU = Debug|Any CPU
		Release|Any CPU = Release|Any CPU
	EndGlobalSection
	GlobalSection(ProjectConfigurationPlatforms) = postSolution
		{4DC3B0C6-A068-47DA-8727-45DC814A2AF7}.Debug|Any CPU.ActiveCfg = Debug|Any CPU
		{4DC3B0C6-A068-47DA-8727-45DC814A2AF7}.Debug|Any CPU.Build.0 = Debug|Any CPU
		{4DC3B0C6-A068-47DA-8727-45DC814A2AF7}.Release|Any CPU.ActiveCfg = Release|Any CPU
		{4DC3B0C6-A068-47DA-8727-45DC814A2AF7}.Release|Any CPU.Build.0 = Release|Any CPU
		{C08F3CD5-65CA-482D-9DED-C0E8F7AB3723}.Debug|Any CPU.ActiveCfg = Debug|Any CPU
		{C08F3CD5-65CA-482D-9DED-C0E8F7AB3723}.Debug|Any CPU.Build.0 = Debug|Any CPU
		{C08F3CD5-65CA-482D-9DED-C0E8F7AB3723}.Release|Any CPU.ActiveCfg = Release|Any CPU
		{C08F3CD5-65CA-482D-9DED-C0E8F7AB3723}.Release|Any CPU.Build.0 = Release|Any CPU
		{253A5589-BAC0-48E0-8166-839CBF931B79}.Debug|Any CPU.ActiveCfg = Debug|Any CPU
		{253A5589-BAC0-48E0-8166-839CBF931B79}.Debug|Any CPU.Build.0 = Debug|Any CPU
		{253A5589-BAC0-48E0-8166-839CBF931B79}.Release|Any CPU.ActiveCfg = Release|Any CPU
		{253A5589-BAC0-48E0-8166-839CBF931B79}.Release|Any CPU.Build.0 = Release|Any CPU
		{83D09D82-EA71-4912-8E8D-DF1FABFE573E}.Debug|Any CPU.ActiveCfg = Debug|Any CPU
		{83D09D82-EA71-4912-8E8D-DF1FABFE573E}.Debug|Any CPU.Build.0 = Debug|Any CPU
		{83D09D82-EA71-4912-8E8D-DF1FABFE573E}.Release|Any CPU.ActiveCfg = Release|Any CPU
		{83D09D82-EA71-4912-8E8D-DF1FABFE573E}.Release|Any CPU.Build.0 = Release|Any CPU
	EndGlobalSection
	GlobalSection(SolutionProperties) = preSolution
		HideSolutionNode = FALSE
	EndGlobalSection
	GlobalSection(ExtensibilityGlobals) = postSolution
		SolutionGuid = {2C7A06F5-4C6A-4AA9-8169-A417BB39E44B}
	EndGlobalSection
EndGlobal
